
Microsoft Visual Studio Solution File, Format Version 12.00
# Visual Studio Version 17
VisualStudioVersion = 17.14.36414.22 d17.14
MinimumVisualStudioVersion = 10.0.40219.1
Project("{FAE04EC0-301F-11D3-BF4B-00C04F79EFBC}") = "Tetris", "Tetirs\Tetris.csproj", "{974E9FAA-FBBA-4D0C-BABF-D72F5F8D47ED}"
EndProject
Global
	GlobalSection(SolutionConfigurationPlatforms) = preSolution
		Debug|Any CPU = Debug|Any CPU
		Release|Any CPU = Release|Any CPU
	EndGlobalSection
	GlobalSection(ProjectConfigurationPlatforms) = postSolution
		{974E9FAA-FBBA-4D0C-BABF-D72F5F8D47ED}.Debug|Any CPU.ActiveCfg = Debug|Any CPU
		{974E9FAA-FBBA-4D0C-BABF-D72F5F8D47ED}.Debug|Any CPU.Build.0 = Debug|Any CPU
		{974E9FAA-FBBA-4D0C-BABF-D72F5F8D47ED}.Release|Any CPU.ActiveCfg = Release|Any CPU
		{974E9FAA-FBBA-4D0C-BABF-D72F5F8D47ED}.Release|Any CPU.Build.0 = Release|Any CPU
	EndGlobalSection
	GlobalSection(SolutionProperties) = preSolution
		HideSolutionNode = FALSE
	EndGlobalSection
	GlobalSection(ExtensibilityGlobals) = postSolution
		SolutionGuid = {0FCB85AC-978E-4D77-BA43-CE09348EA0C0}
	EndGlobalSection
EndGlobal
